
Microsoft Visual Studio Solution File, Format Version 12.00
# Visual Studio Version 17
VisualStudioVersion = 17.8.34330.188
MinimumVisualStudioVersion = 10.0.40219.1
Project("{FAE04EC0-301F-11D3-BF4B-00C04F79EFBC}") = "AulaTestes", "AulaTestes\AulaTestes.csproj", "{0DE312AC-2996-491E-8040-CE2764ED121E}"
EndProject
Project("{FAE04EC0-301F-11D3-BF4B-00C04F79EFBC}") = "AulaTestesTests1", "AulaTestesTests1\AulaTestesTests1.csproj", "{145F7F9D-B035-4C43-B59D-380E8147A35A}"
EndProject
Global
	GlobalSection(SolutionConfigurationPlatforms) = preSolution
		Debug|Any CPU = Debug|Any CPU
		Release|Any CPU = Release|Any CPU
	EndGlobalSection
	GlobalSection(ProjectConfigurationPlatforms) = postSolution
		{0DE312AC-2996-491E-8040-CE2764ED121E}.Debug|Any CPU.ActiveCfg = Debug|Any CPU
		{0DE312AC-2996-491E-8040-CE2764ED121E}.Debug|Any CPU.Build.0 = Debug|Any CPU
		{0DE312AC-2996-491E-8040-CE2764ED121E}.Release|Any CPU.ActiveCfg = Release|Any CPU
		{0DE312AC-2996-491E-8040-CE2764ED121E}.Release|Any CPU.Build.0 = Release|Any CPU
		{145F7F9D-B035-4C43-B59D-380E8147A35A}.Debug|Any CPU.ActiveCfg = Debug|Any CPU
		{145F7F9D-B035-4C43-B59D-380E8147A35A}.Debug|Any CPU.Build.0 = Debug|Any CPU
		{145F7F9D-B035-4C43-B59D-380E8147A35A}.Release|Any CPU.ActiveCfg = Release|Any CPU
		{145F7F9D-B035-4C43-B59D-380E8147A35A}.Release|Any CPU.Build.0 = Release|Any CPU
	EndGlobalSection
	GlobalSection(SolutionProperties) = preSolution
		HideSolutionNode = FALSE
	EndGlobalSection
	GlobalSection(ExtensibilityGlobals) = postSolution
		SolutionGuid = {E606006D-179E-4EB6-B950-2E801096DAA3}
	EndGlobalSection
EndGlobal
